
Microsoft Visual Studio Solution File, Format Version 12.00
# Visual Studio Version 17
VisualStudioVersion = 17.2.32526.322
MinimumVisualStudioVersion = 10.0.40219.1
Project("{9A19103F-16F7-4668-BE54-9A1E7A4F7556}") = "WordPress admin login page tests", "WordPress admin login page tests\WordPress admin login page tests.csproj", "{F61A9E46-FD11-487F-AB6C-CE8168DC9BFC}"
EndProject
Global
	GlobalSection(SolutionConfigurationPlatforms) = preSolution
		Debug|Any CPU = Debug|Any CPU
		Release|Any CPU = Release|Any CPU
	EndGlobalSection
	GlobalSection(ProjectConfigurationPlatforms) = postSolution
		{F61A9E46-FD11-487F-AB6C-CE8168DC9BFC}.Debug|Any CPU.ActiveCfg = Debug|Any CPU
		{F61A9E46-FD11-487F-AB6C-CE8168DC9BFC}.Debug|Any CPU.Build.0 = Debug|Any CPU
		{F61A9E46-FD11-487F-AB6C-CE8168DC9BFC}.Release|Any CPU.ActiveCfg = Release|Any CPU
		{F61A9E46-FD11-487F-AB6C-CE8168DC9BFC}.Release|Any CPU.Build.0 = Release|Any CPU
	EndGlobalSection
	GlobalSection(SolutionProperties) = preSolution
		HideSolutionNode = FALSE
	EndGlobalSection
	GlobalSection(ExtensibilityGlobals) = postSolution
		SolutionGuid = {41981F5E-D477-44B4-8B19-411AC6CCC4A1}
	EndGlobalSection
EndGlobal
